
Microsoft Visual Studio Solution File, Format Version 12.00
# Visual Studio Version 17
VisualStudioVersion = 17.0.31717.71
MinimumVisualStudioVersion = 10.0.40219.1
Project("{C58EF4BD-7DD7-48CC-A9EB-E6290624A5AA}") = "WingetNexus.Server", "Server\WingetNexus.Server.csproj", "{EBE6B86C-4181-4634-9A41-866DE49FAF7B}"
EndProject
Project("{C58EF4BD-7DD7-48CC-A9EB-E6290624A5AA}") = "WingetNexus.Client", "Client\WingetNexus.Client.csproj", "{86A52048-24EB-4028-9030-ED0D46C98DAE}"
EndProject
Project("{C58EF4BD-7DD7-48CC-A9EB-E6290624A5AA}") = "WingetNexus.Shared", "Shared\WingetNexus.Shared.csproj", "{197E6860-8BD8-4D17-AABA-407DFC449DEC}"
EndProject
Global
	GlobalSection(SolutionConfigurationPlatforms) = preSolution
		Debug|Any CPU = Debug|Any CPU
		Release|Any CPU = Release|Any CPU
	EndGlobalSection
	GlobalSection(ProjectConfigurationPlatforms) = postSolution
		{EBE6B86C-4181-4634-9A41-866DE49FAF7B}.Debug|Any CPU.ActiveCfg = Debug|Any CPU
		{EBE6B86C-4181-4634-9A41-866DE49FAF7B}.Debug|Any CPU.Build.0 = Debug|Any CPU
		{EBE6B86C-4181-4634-9A41-866DE49FAF7B}.Release|Any CPU.ActiveCfg = Release|Any CPU
		{EBE6B86C-4181-4634-9A41-866DE49FAF7B}.Release|Any CPU.Build.0 = Release|Any CPU
		{86A52048-24EB-4028-9030-ED0D46C98DAE}.Debug|Any CPU.ActiveCfg = Debug|Any CPU
		{86A52048-24EB-4028-9030-ED0D46C98DAE}.Debug|Any CPU.Build.0 = Debug|Any CPU
		{86A52048-24EB-4028-9030-ED0D46C98DAE}.Release|Any CPU.ActiveCfg = Release|Any CPU
		{86A52048-24EB-4028-9030-ED0D46C98DAE}.Release|Any CPU.Build.0 = Release|Any CPU
		{197E6860-8BD8-4D17-AABA-407DFC449DEC}.Debug|Any CPU.ActiveCfg = Debug|Any CPU
		{197E6860-8BD8-4D17-AABA-407DFC449DEC}.Debug|Any CPU.Build.0 = Debug|Any CPU
		{197E6860-8BD8-4D17-AABA-407DFC449DEC}.Release|Any CPU.ActiveCfg = Release|Any CPU
		{197E6860-8BD8-4D17-AABA-407DFC449DEC}.Release|Any CPU.Build.0 = Release|Any CPU
	EndGlobalSection
	GlobalSection(SolutionProperties) = preSolution
		HideSolutionNode = FALSE
	EndGlobalSection
	GlobalSection(ExtensibilityGlobals) = postSolution
		SolutionGuid = {6DC76283-415B-4E16-A03B-E4B9D1AF4193}
	EndGlobalSection
EndGlobal